{
    "_meta": {
        "hash": {
            "sha256": "efbdbdf2aa3ae8cd526237daa997571c810d4e289e160ce7e06db0232991e3b9"
        },
        "pipfile-spec": 6,
        "requires": {
            "python_version": "3.8"
        },
        "sources": [
            {
                "name": "pypi",
                "url": "https://pypi.tuna.tsinghua.edu.cn/simple",
                "verify_ssl": true
            }
        ]
    },
    "default": {},
    "develop": {}
}
